
Microsoft Visual Studio Solution File, Format Version 12.00
# Visual Studio Version 16
VisualStudioVersion = 16.0.30309.148
MinimumVisualStudioVersion = 10.0.40219.1
Project("{FAE04EC0-301F-11D3-BF4B-00C04F79EFBC}") = "PentingtonRails", "PentingtonRails.csproj", "{89458155-0A01-4A93-B92F-D7A4BD8367AD}"
EndProject
Global
	GlobalSection(SolutionConfigurationPlatforms) = preSolution
		Debug|Any CPU = Debug|Any CPU
		Release|Any CPU = Release|Any CPU
	EndGlobalSection
	GlobalSection(ProjectConfigurationPlatforms) = postSolution
		{89458155-0A01-4A93-B92F-D7A4BD8367AD}.Debug|Any CPU.ActiveCfg = Debug|Any CPU
		{89458155-0A01-4A93-B92F-D7A4BD8367AD}.Debug|Any CPU.Build.0 = Debug|Any CPU
		{89458155-0A01-4A93-B92F-D7A4BD8367AD}.Release|Any CPU.ActiveCfg = Release|Any CPU
		{89458155-0A01-4A93-B92F-D7A4BD8367AD}.Release|Any CPU.Build.0 = Release|Any CPU
	EndGlobalSection
	GlobalSection(SolutionProperties) = preSolution
		HideSolutionNode = FALSE
	EndGlobalSection
	GlobalSection(ExtensibilityGlobals) = postSolution
		SolutionGuid = {E4F94BCC-409D-4AB9-B151-143530937FCB}
	EndGlobalSection
EndGlobal
